// !$*UTF8*$!
{
	archiveVersion = 1;
	classes = {
	};
	objectVersion = 77;
	objects = {

/* Begin PBXBuildFile section */
		CEEE16C02E2A861800E1D7A0 /* Assets.xcassets in Resources */ = {isa = PBXBuildFile; fileRef = CEEE16BA2E2A861800E1D7A0 /* Assets.xcassets */; };
		CEEE16C22E2A861800E1D7A0 /* LaunchScreen.storyboard in Resources */ = {isa = PBXBuildFile; fileRef = CEEE16BD2E2A861800E1D7A0 /* LaunchScreen.storyboard */; };
		CEEE16C32E2A861800E1D7A0 /* AppDelegate.swift in Sources */ = {isa = PBXBuildFile; fileRef = CEEE16B92E2A861800E1D7A0 /* AppDelegate.swift */; };
		CEEE16C42E2A861800E1D7A0 /* ViewController.swift in Sources */ = {isa = PBXBuildFile; fileRef = CEEE16BE2E2A861800E1D7A0 /* ViewController.swift */; };
		CEEE16C92E2AB2F900E1D7A0 /* View+ext.swift in Sources */ = {isa = PBXBuildFile; fileRef = CEEE16C82E2AB2F900E1D7A0 /* View+ext.swift */; };
		CEEE16CC2E2BD4BD00E1D7A0 /* StrokedTextLabel.swift in Sources */ = {isa = PBXBuildFile; fileRef = CEEE16CB2E2BD4BD00E1D7A0 /* StrokedTextLabel.swift */; };
		CEEE16CE2E2E4C3300E1D7A0 /* CircleWithGiftView.swift in Sources */ = {isa = PBXBuildFile; fileRef = CEEE16CD2E2E4C3300E1D7A0 /* CircleWithGiftView.swift */; };
/* End PBXBuildFile section */

/* Begin PBXFileReference section */
		CEEE16A12E2A80EB00E1D7A0 /* TestApp_JustMobi.app */ = {isa = PBXFileReference; explicitFileType = wrapper.application; includeInIndex = 0; path = TestApp_JustMobi.app; sourceTree = BUILT_PRODUCTS_DIR; };
		CEEE16B92E2A861800E1D7A0 /* AppDelegate.swift */ = {isa = PBXFileReference; lastKnownFileType = sourcecode.swift; path = AppDelegate.swift; sourceTree = "<group>"; };
		CEEE16BA2E2A861800E1D7A0 /* Assets.xcassets */ = {isa = PBXFileReference; lastKnownFileType = folder.assetcatalog; path = Assets.xcassets; sourceTree = "<group>"; };
		CEEE16BB2E2A861800E1D7A0 /* Info.plist */ = {isa = PBXFileReference; lastKnownFileType = text.plist.xml; path = Info.plist; sourceTree = "<group>"; };
		CEEE16BC2E2A861800E1D7A0 /* Base */ = {isa = PBXFileReference; lastKnownFileType = file.storyboard; name = Base; path = Base.lproj/LaunchScreen.storyboard; sourceTree = "<group>"; };
		CEEE16BE2E2A861800E1D7A0 /* ViewController.swift */ = {isa = PBXFileReference; lastKnownFileType = sourcecode.swift; path = ViewController.swift; sourceTree = "<group>"; };
		CEEE16C82E2AB2F900E1D7A0 /* View+ext.swift */ = {isa = PBXFileReference; lastKnownFileType = sourcecode.swift; path = "View+ext.swift"; sourceTree = "<group>"; };
		CEEE16CB2E2BD4BD00E1D7A0 /* StrokedTextLabel.swift */ = {isa = PBXFileReference; lastKnownFileType = sourcecode.swift; path = StrokedTextLabel.swift; sourceTree = "<group>"; };
		CEEE16CD2E2E4C3300E1D7A0 /* CircleWithGiftView.swift */ = {isa = PBXFileReference; lastKnownFileType = sourcecode.swift; path = CircleWithGiftView.swift; sourceTree = "<group>"; };
/* End PBXFileReference section */

/* Begin PBXFrameworksBuildPhase section */
		CEEE169E2E2A80EB00E1D7A0 /* Frameworks */ = {
			isa = PBXFrameworksBuildPhase;
			buildActionMask = 2147483647;
			files = (
			);
			runOnlyForDeploymentPostprocessing = 0;
		};
/* End PBXFrameworksBuildPhase section */

/* Begin PBXGroup section */
		CEEE16982E2A80EB00E1D7A0 = {
			isa = PBXGroup;
			children = (
				CEEE16BF2E2A861800E1D7A0 /* TestApp_JustMobi */,
				CEEE16A22E2A80EB00E1D7A0 /* Products */,
			);
			sourceTree = "<group>";
		};
		CEEE16A22E2A80EB00E1D7A0 /* Products */ = {
			isa = PBXGroup;
			children = (
				CEEE16A12E2A80EB00E1D7A0 /* TestApp_JustMobi.app */,
			);
			name = Products;
			sourceTree = "<group>";
		};
		CEEE16BF2E2A861800E1D7A0 /* TestApp_JustMobi */ = {
			isa = PBXGroup;
			children = (
				CEEE16C72E2AB2E100E1D7A0 /* Extension */,
				CEEE16C52E2A8B9200E1D7A0 /* App */,
				CEEE16C62E2A8B9A00E1D7A0 /* UI */,
				CEEE16BA2E2A861800E1D7A0 /* Assets.xcassets */,
				CEEE16BB2E2A861800E1D7A0 /* Info.plist */,
			);
			path = TestApp_JustMobi;
			sourceTree = "<group>";
		};
		CEEE16C52E2A8B9200E1D7A0 /* App */ = {
			isa = PBXGroup;
			children = (
				CEEE16B92E2A861800E1D7A0 /* AppDelegate.swift */,
			);
			path = App;
			sourceTree = "<group>";
		};
		CEEE16C62E2A8B9A00E1D7A0 /* UI */ = {
			isa = PBXGroup;
			children = (
				CEEE16CA2E2BD49B00E1D7A0 /* Common */,
				CEEE16BE2E2A861800E1D7A0 /* ViewController.swift */,
				CEEE16BD2E2A861800E1D7A0 /* LaunchScreen.storyboard */,
			);
			path = UI;
			sourceTree = "<group>";
		};
		CEEE16C72E2AB2E100E1D7A0 /* Extension */ = {
			isa = PBXGroup;
			children = (
				CEEE16C82E2AB2F900E1D7A0 /* View+ext.swift */,
			);
			path = Extension;
			sourceTree = "<group>";
		};
		CEEE16CA2E2BD49B00E1D7A0 /* Common */ = {
			isa = PBXGroup;
			children = (
				CEEE16CB2E2BD4BD00E1D7A0 /* StrokedTextLabel.swift */,
				CEEE16CD2E2E4C3300E1D7A0 /* CircleWithGiftView.swift */,
			);
			path = Common;
			sourceTree = "<group>";
		};
/* End PBXGroup section */

/* Begin PBXNativeTarget section */
		CEEE16A02E2A80EB00E1D7A0 /* TestApp_JustMobi */ = {
			isa = PBXNativeTarget;
			buildConfigurationList = CEEE16B42E2A80ED00E1D7A0 /* Build configuration list for PBXNativeTarget "TestApp_JustMobi" */;
			buildPhases = (
				CEEE169D2E2A80EB00E1D7A0 /* Sources */,
				CEEE169E2E2A80EB00E1D7A0 /* Frameworks */,
				CEEE169F2E2A80EB00E1D7A0 /* Resources */,
			);
			buildRules = (
			);
			dependencies = (
			);
			name = TestApp_JustMobi;
			packageProductDependencies = (
			);
			productName = TestApp_JustMobi;
			productReference = CEEE16A12E2A80EB00E1D7A0 /* TestApp_JustMobi.app */;
			productType = "com.apple.product-type.application";
		};
/* End PBXNativeTarget section */

/* Begin PBXProject section */
		CEEE16992E2A80EB00E1D7A0 /* Project object */ = {
			isa = PBXProject;
			attributes = {
				BuildIndependentTargetsInParallel = 1;
				LastSwiftUpdateCheck = 1640;
				LastUpgradeCheck = 1640;
				TargetAttributes = {
					CEEE16A02E2A80EB00E1D7A0 = {
						CreatedOnToolsVersion = 16.4;
					};
				};
			};
			buildConfigurationList = CEEE169C2E2A80EB00E1D7A0 /* Build configuration list for PBXProject "TestApp_JustMobi" */;
			developmentRegion = en;
			hasScannedForEncodings = 0;
			knownRegions = (
				en,
				Base,
			);
			mainGroup = CEEE16982E2A80EB00E1D7A0;
			minimizedProjectReferenceProxies = 1;
			preferredProjectObjectVersion = 77;
			productRefGroup = CEEE16A22E2A80EB00E1D7A0 /* Products */;
			projectDirPath = "";
			projectRoot = "";
			targets = (
				CEEE16A02E2A80EB00E1D7A0 /* TestApp_JustMobi */,
			);
		};
/* End PBXProject section */

/* Begin PBXResourcesBuildPhase section */
		CEEE169F2E2A80EB00E1D7A0 /* Resources */ = {
			isa = PBXResourcesBuildPhase;
			buildActionMask = 2147483647;
			files = (
				CEEE16C02E2A861800E1D7A0 /* Assets.xcassets in Resources */,
				CEEE16C22E2A861800E1D7A0 /* LaunchScreen.storyboard in Resources */,
			);
			runOnlyForDeploymentPostprocessing = 0;
		};
/* End PBXResourcesBuildPhase section */

/* Begin PBXSourcesBuildPhase section */
		CEEE169D2E2A80EB00E1D7A0 /* Sources */ = {
			isa = PBXSourcesBuildPhase;
			buildActionMask = 2147483647;
			files = (
				CEEE16C32E2A861800E1D7A0 /* AppDelegate.swift in Sources */,
				CEEE16CE2E2E4C3300E1D7A0 /* CircleWithGiftView.swift in Sources */,
				CEEE16C42E2A861800E1D7A0 /* ViewController.swift in Sources */,
				CEEE16CC2E2BD4BD00E1D7A0 /* StrokedTextLabel.swift in Sources */,
				CEEE16C92E2AB2F900E1D7A0 /* View+ext.swift in Sources */,
			);
			runOnlyForDeploymentPostprocessing = 0;
		};
/* End PBXSourcesBuildPhase section */

/* Begin PBXVariantGroup section */
		CEEE16BD2E2A861800E1D7A0 /* LaunchScreen.storyboard */ = {
			isa = PBXVariantGroup;
			children = (
				CEEE16BC2E2A861800E1D7A0 /* Base */,
			);
			name = LaunchScreen.storyboard;
			sourceTree = "<group>";
		};
/* End PBXVariantGroup section */

/* Begin XCBuildConfiguration section */
		CEEE16B52E2A80ED00E1D7A0 /* Debug */ = {
			isa = XCBuildConfiguration;
			buildSettings = {
				ASSETCATALOG_COMPILER_APPICON_NAME = AppIcon;
				ASSETCATALOG_COMPILER_GLOBAL_ACCENT_COLOR_NAME = AccentColor;
				CODE_SIGN_STYLE = Automatic;
				CURRENT_PROJECT_VERSION = 1;
				DEVELOPMENT_TEAM = Q5L7D25SC3;
				GENERATE_INFOPLIST_FILE = YES;
				INFOPLIST_FILE = TestApp_JustMobi/Info.plist;
				INFOPLIST_KEY_UIApplicationSupportsIndirectInputEvents = YES;
				INFOPLIST_KEY_UILaunchStoryboardName = LaunchScreen;
				INFOPLIST_KEY_UISupportedInterfaceOrientations = UIInterfaceOrientationPortrait;
				INFOPLIST_KEY_UISupportedInterfaceOrientations_iPad = "UIInterfaceOrientationLandscapeLeft UIInterfaceOrientationLandscapeRight UIInterfaceOrientationPortrait UIInterfaceOrientationPortraitUpsideDown";
				IPHONEOS_DEPLOYMENT_TARGET = 12.0;
				LD_RUNPATH_SEARCH_PATHS = (
					"$(inherited)",
					"@executable_path/Frameworks",
				);
				MARKETING_VERSION = 1.0;
				PRODUCT_BUNDLE_IDENTIFIER = "com.gmail.pavelGritskov.TestApp-JustMobi";
				PRODUCT_NAME = "$(TARGET_NAME)";
				SUPPORTED_PLATFORMS = "iphoneos iphonesimulator";
				SUPPORTS_MACCATALYST = NO;
				SUPPORTS_MAC_DESIGNED_FOR_IPHONE_IPAD = NO;
				SUPPORTS_XR_DESIGNED_FOR_IPHONE_IPAD = NO;
				SWIFT_EMIT_LOC_STRINGS = YES;
				SWIFT_VERSION = 5.0;
				TARGETED_DEVICE_FAMILY = 1;
			};
			name = Debug;
		};
		CEEE16B62E2A80ED00E1D7A0 /* Release */ = {
			isa = XCBuildConfiguration;
			buildSettings = {
				ASSETCATALOG_COMPILER_APPICON_NAME = AppIcon;
				ASSETCATALOG_COMPILER_GLOBAL_ACCENT_COLOR_NAME = AccentColor;
				CODE_SIGN_STYLE = Automatic;
				CURRENT_PROJECT_VERSION = 1;
				DEVELOPMENT_TEAM = Q5L7D25SC3;
				GENERATE_INFOPLIST_FILE = YES;
				INFOPLIST_FILE = TestApp_JustMobi/Info.plist;
				INFOPLIST_KEY_UIApplicationSupportsIndirectInputEvents = YES;
				INFOPLIST_KEY_UILaunchStoryboardName = LaunchScreen;
				INFOPLIST_KEY_UISupportedInterfaceOrientations = UIInterfaceOrientationPortrait;
				INFOPLIST_KEY_UISupportedInterfaceOrientations_iPad = "UIInterfaceOrientationLandscapeLeft UIInterfaceOrientationLandscapeRight UIInterfaceOrientationPortrait UIInterfaceOrientationPortraitUpsideDown";
				IPHONEOS_DEPLOYMENT_TARGET = 12.0;
				LD_RUNPATH_SEARCH_PATHS = (
					"$(inherited)",
					"@executable_path/Frameworks",
				);
				MARKETING_VERSION = 1.0;
				PRODUCT_BUNDLE_IDENTIFIER = "com.gmail.pavelGritskov.TestApp-JustMobi";
				PRODUCT_NAME = "$(TARGET_NAME)";
				SUPPORTED_PLATFORMS = "iphoneos iphonesimulator";
				SUPPORTS_MACCATALYST = NO;
				SUPPORTS_MAC_DESIGNED_FOR_IPHONE_IPAD = NO;
				SUPPORTS_XR_DESIGNED_FOR_IPHONE_IPAD = NO;
				SWIFT_EMIT_LOC_STRINGS = YES;
				SWIFT_VERSION = 5.0;
				TARGETED_DEVICE_FAMILY = 1;
			};
			name = Release;
		};
		CEEE16B72E2A80ED00E1D7A0 /* Debug */ = {
			isa = XCBuildConfiguration;
			buildSettings = {
				ALWAYS_SEARCH_USER_PATHS = NO;
				ASSETCATALOG_COMPILER_GENERATE_SWIFT_ASSET_SYMBOL_EXTENSIONS = YES;
				CLANG_ANALYZER_NONNULL = YES;
				CLANG_ANALYZER_NUMBER_OBJECT_CONVERSION = YES_AGGRESSIVE;
				CLANG_CXX_LANGUAGE_STANDARD = "gnu++20";
				CLANG_ENABLE_MODULES = YES;
				CLANG_ENABLE_OBJC_ARC = YES;
				CLANG_ENABLE_OBJC_WEAK = YES;
				CLANG_WARN_BLOCK_CAPTURE_AUTORELEASING = YES;
				CLANG_WARN_BOOL_CONVERSION = YES;
				CLANG_WARN_COMMA = YES;
				CLANG_WARN_CONSTANT_CONVERSION = YES;
				CLANG_WARN_DEPRECATED_OBJC_IMPLEMENTATIONS = YES;
				CLANG_WARN_DIRECT_OBJC_ISA_USAGE = YES_ERROR;
				CLANG_WARN_DOCUMENTATION_COMMENTS = YES;
				CLANG_WARN_EMPTY_BODY = YES;
				CLANG_WARN_ENUM_CONVERSION = YES;
				CLANG_WARN_INFINITE_RECURSION = YES;
				CLANG_WARN_INT_CONVERSION = YES;
				CLANG_WARN_NON_LITERAL_NULL_CONVERSION = YES;
				CLANG_WARN_OBJC_IMPLICIT_RETAIN_SELF = YES;
				CLANG_WARN_OBJC_LITERAL_CONVERSION = YES;
				CLANG_WARN_OBJC_ROOT_CLASS = YES_ERROR;
				CLANG_WARN_QUOTED_INCLUDE_IN_FRAMEWORK_HEADER = YES;
				CLANG_WARN_RANGE_LOOP_ANALYSIS = YES;
				CLANG_WARN_STRICT_PROTOTYPES = YES;
				CLANG_WARN_SUSPICIOUS_MOVE = YES;
				CLANG_WARN_UNGUARDED_AVAILABILITY = YES_AGGRESSIVE;
				CLANG_WARN_UNREACHABLE_CODE = YES;
				CLANG_WARN__DUPLICATE_METHOD_MATCH = YES;
				COPY_PHASE_STRIP = NO;
				DEBUG_INFORMATION_FORMAT = dwarf;
				DEVELOPMENT_TEAM = Q5L7D25SC3;
				ENABLE_STRICT_OBJC_MSGSEND = YES;
				ENABLE_TESTABILITY = YES;
				ENABLE_USER_SCRIPT_SANDBOXING = YES;
				GCC_C_LANGUAGE_STANDARD = gnu17;
				GCC_DYNAMIC_NO_PIC = NO;
				GCC_NO_COMMON_BLOCKS = YES;
				GCC_OPTIMIZATION_LEVEL = 0;
				GCC_PREPROCESSOR_DEFINITIONS = (
					"DEBUG=1",
					"$(inherited)",
				);
				GCC_WARN_64_TO_32_BIT_CONVERSION = YES;
				GCC_WARN_ABOUT_RETURN_TYPE = YES_ERROR;
				GCC_WARN_UNDECLARED_SELECTOR = YES;
				GCC_WARN_UNINITIALIZED_AUTOS = YES_AGGRESSIVE;
				GCC_WARN_UNUSED_FUNCTION = YES;
				GCC_WARN_UNUSED_VARIABLE = YES;
				IPHONEOS_DEPLOYMENT_TARGET = 18.5;
				LOCALIZATION_PREFERS_STRING_CATALOGS = YES;
				MTL_ENABLE_DEBUG_INFO = INCLUDE_SOURCE;
				MTL_FAST_MATH = YES;
				ONLY_ACTIVE_ARCH = YES;
				SDKROOT = iphoneos;
				SWIFT_ACTIVE_COMPILATION_CONDITIONS = "DEBUG $(inherited)";
				SWIFT_OPTIMIZATION_LEVEL = "-Onone";
			};
			name = Debug;
		};
		CEEE16B82E2A80ED00E1D7A0 /* Release */ = {
			isa = XCBuildConfiguration;
			buildSettings = {
				ALWAYS_SEARCH_USER_PATHS = NO;
				ASSETCATALOG_COMPILER_GENERATE_SWIFT_ASSET_SYMBOL_EXTENSIONS = YES;
				CLANG_ANALYZER_NONNULL = YES;
				CLANG_ANALYZER_NUMBER_OBJECT_CONVERSION = YES_AGGRESSIVE;
				CLANG_CXX_LANGUAGE_STANDARD = "gnu++20";
				CLANG_ENABLE_MODULES = YES;
				CLANG_ENABLE_OBJC_ARC = YES;
				CLANG_ENABLE_OBJC_WEAK = YES;
				CLANG_WARN_BLOCK_CAPTURE_AUTORELEASING = YES;
				CLANG_WARN_BOOL_CONVERSION = YES;
				CLANG_WARN_COMMA = YES;
				CLANG_WARN_CONSTANT_CONVERSION = YES;
				CLANG_WARN_DEPRECATED_OBJC_IMPLEMENTATIONS = YES;
				CLANG_WARN_DIRECT_OBJC_ISA_USAGE = YES_ERROR;
				CLANG_WARN_DOCUMENTATION_COMMENTS = YES;
				CLANG_WARN_EMPTY_BODY = YES;
				CLANG_WARN_ENUM_CONVERSION = YES;
				CLANG_WARN_INFINITE_RECURSION = YES;
				CLANG_WARN_INT_CONVERSION = YES;
				CLANG_WARN_NON_LITERAL_NULL_CONVERSION = YES;
				CLANG_WARN_OBJC_IMPLICIT_RETAIN_SELF = YES;
				CLANG_WARN_OBJC_LITERAL_CONVERSION = YES;
				CLANG_WARN_OBJC_ROOT_CLASS = YES_ERROR;
				CLANG_WARN_QUOTED_INCLUDE_IN_FRAMEWORK_HEADER = YES;
				CLANG_WARN_RANGE_LOOP_ANALYSIS = YES;
				CLANG_WARN_STRICT_PROTOTYPES = YES;
				CLANG_WARN_SUSPICIOUS_MOVE = YES;
				CLANG_WARN_UNGUARDED_AVAILABILITY = YES_AGGRESSIVE;
				CLANG_WARN_UNREACHABLE_CODE = YES;
				CLANG_WARN__DUPLICATE_METHOD_MATCH = YES;
				COPY_PHASE_STRIP = NO;
				DEBUG_INFORMATION_FORMAT = "dwarf-with-dsym";
				DEVELOPMENT_TEAM = Q5L7D25SC3;
				ENABLE_NS_ASSERTIONS = NO;
				ENABLE_STRICT_OBJC_MSGSEND = YES;
				ENABLE_USER_SCRIPT_SANDBOXING = YES;
				GCC_C_LANGUAGE_STANDARD = gnu17;
				GCC_NO_COMMON_BLOCKS = YES;
				GCC_WARN_64_TO_32_BIT_CONVERSION = YES;
				GCC_WARN_ABOUT_RETURN_TYPE = YES_ERROR;
				GCC_WARN_UNDECLARED_SELECTOR = YES;
				GCC_WARN_UNINITIALIZED_AUTOS = YES_AGGRESSIVE;
				GCC_WARN_UNUSED_FUNCTION = YES;
				GCC_WARN_UNUSED_VARIABLE = YES;
				IPHONEOS_DEPLOYMENT_TARGET = 18.5;
				LOCALIZATION_PREFERS_STRING_CATALOGS = YES;
				MTL_ENABLE_DEBUG_INFO = NO;
				MTL_FAST_MATH = YES;
				SDKROOT = iphoneos;
				SWIFT_COMPILATION_MODE = wholemodule;
				VALIDATE_PRODUCT = YES;
			};
			name = Release;
		};
/* End XCBuildConfiguration section */

/* Begin XCConfigurationList section */
		CEEE169C2E2A80EB00E1D7A0 /* Build configuration list for PBXProject "TestApp_JustMobi" */ = {
			isa = XCConfigurationList;
			buildConfigurations = (
				CEEE16B72E2A80ED00E1D7A0 /* Debug */,
				CEEE16B82E2A80ED00E1D7A0 /* Release */,
			);
			defaultConfigurationIsVisible = 0;
			defaultConfigurationName = Release;
		};
		CEEE16B42E2A80ED00E1D7A0 /* Build configuration list for PBXNativeTarget "TestApp_JustMobi" */ = {
			isa = XCConfigurationList;
			buildConfigurations = (
				CEEE16B52E2A80ED00E1D7A0 /* Debug */,
				CEEE16B62E2A80ED00E1D7A0 /* Release */,
			);
			defaultConfigurationIsVisible = 0;
			defaultConfigurationName = Release;
		};
/* End XCConfigurationList section */
	};
	rootObject = CEEE16992E2A80EB00E1D7A0 /* Project object */;
}
